// !$*UTF8*$!
{
	archiveVersion = 1;
	classes = {
	};
	objectVersion = 46;
	objects = {

/* Begin PBXAggregateTarget section */
		D922041F1A2F6F4300B3BAAD /* mogenerator */ = {
			isa = PBXAggregateTarget;
			buildConfigurationList = D92204201A2F6F4300B3BAAD /* Build configuration list for PBXAggregateTarget "mogenerator" */;
			buildPhases = (
				D92204231A2F6F6F00B3BAAD /* ShellScript */,
			);
			dependencies = (
			);
			name = mogenerator;
			productName = mogenerator;
		};
/* End PBXAggregateTarget section */

/* Begin PBXBuildFile section */
		2790F4E31A139854001B0956 /* EHProfilesTableViewCell.m in Sources */ = {isa = PBXBuildFile; fileRef = 2790F4E21A139854001B0956 /* EHProfilesTableViewCell.m */; };
		2790F4E61A1398D8001B0956 /* EHProfilesViewController.m in Sources */ = {isa = PBXBuildFile; fileRef = 2790F4E51A1398D8001B0956 /* EHProfilesViewController.m */; };
		D90A1BBE1A16335F00B610C6 /* EHViewController.m in Sources */ = {isa = PBXBuildFile; fileRef = D90A1BBD1A16335F00B610C6 /* EHViewController.m */; };
		D90A1BC11A16366500B610C6 /* EHSkillLevelPopup.m in Sources */ = {isa = PBXBuildFile; fileRef = D90A1BC01A16366500B610C6 /* EHSkillLevelPopup.m */; };
		D90A1BC31A16371800B610C6 /* AVFoundation.framework in Frameworks */ = {isa = PBXBuildFile; fileRef = D90A1BC21A16371800B610C6 /* AVFoundation.framework */; };
		D913A8001A2D0C3B00656CDE /* MessageUI.framework in Frameworks */ = {isa = PBXBuildFile; fileRef = D913A7FF1A2D0C3B00656CDE /* MessageUI.framework */; };
		D92204251A2F70D200B3BAAD /* CoreData.framework in Frameworks */ = {isa = PBXBuildFile; fileRef = D92204241A2F70D200B3BAAD /* CoreData.framework */; };
		D92204701A2FAA4300B3BAAD /* Model.xcdatamodeld in Sources */ = {isa = PBXBuildFile; fileRef = D922044B1A2FAA4300B3BAAD /* Model.xcdatamodeld */; };
		D92204711A2FAA4300B3BAAD /* Model.xcdatamodeld in Sources */ = {isa = PBXBuildFile; fileRef = D922044B1A2FAA4300B3BAAD /* Model.xcdatamodeld */; };
		D92204721A2FAA4300B3BAAD /* mogen.sh in Resources */ = {isa = PBXBuildFile; fileRef = D922044E1A2FAA4300B3BAAD /* mogen.sh */; };
		D92204731A2FAA4300B3BAAD /* mogen.sh in Resources */ = {isa = PBXBuildFile; fileRef = D922044E1A2FAA4300B3BAAD /* mogen.sh */; };
		D92204741A2FAA4300B3BAAD /* mogend.sh in Resources */ = {isa = PBXBuildFile; fileRef = D922044F1A2FAA4300B3BAAD /* mogend.sh */; };
		D92204751A2FAA4300B3BAAD /* mogend.sh in Resources */ = {isa = PBXBuildFile; fileRef = D922044F1A2FAA4300B3BAAD /* mogend.sh */; };
		D92B76E41A1F847F00B76F5E /* EHSkillLevelCommentPopup.m in Sources */ = {isa = PBXBuildFile; fileRef = D92B76E21A1F847F00B76F5E /* EHSkillLevelCommentPopup.m */; };
		D92B76E51A1F847F00B76F5E /* EHSkillLevelPopup.xib in Resources */ = {isa = PBXBuildFile; fileRef = D92B76E31A1F847F00B76F5E /* EHSkillLevelPopup.xib */; };
		D967F2081A1E23BC0009639C /* EHCandidateFormViewController.m in Sources */ = {isa = PBXBuildFile; fileRef = D967F2071A1E23BC0009639C /* EHCandidateFormViewController.m */; };
		D967F20B1A1E305D0009639C /* EHRecruiterViewController.m in Sources */ = {isa = PBXBuildFile; fileRef = D967F20A1A1E305D0009639C /* EHRecruiterViewController.m */; };
		D967F2101A1E4DEE0009639C /* EHITAViewController.m in Sources */ = {isa = PBXBuildFile; fileRef = D967F20D1A1E4DEE0009639C /* EHITAViewController.m */; };
		D967F2111A1E4DEE0009639C /* EHITAViewControllerCell.m in Sources */ = {isa = PBXBuildFile; fileRef = D967F20F1A1E4DEE0009639C /* EHITAViewControllerCell.m */; };
		D9998EE01A221CE9002E019A /* EHCalendarEventsParser.m in Sources */ = {isa = PBXBuildFile; fileRef = D9998ED51A221CE9002E019A /* EHCalendarEventsParser.m */; };
		D9998EE11A221CE9002E019A /* EHCalendarFormViewController.m in Sources */ = {isa = PBXBuildFile; fileRef = D9998ED71A221CE9002E019A /* EHCalendarFormViewController.m */; };
		D9998EE21A221CE9002E019A /* EHEventsGetInfoParser.m in Sources */ = {isa = PBXBuildFile; fileRef = D9998EDA1A221CE9002E019A /* EHEventsGetInfoParser.m */; };
		D9998EE41A221CE9002E019A /* EHRevealViewController.m in Sources */ = {isa = PBXBuildFile; fileRef = D9998EDF1A221CE9002E019A /* EHRevealViewController.m */; };
		D9ACCD291A152EF30076DFB4 /* EHSkillLevelCommentPopup.xib in Resources */ = {isa = PBXBuildFile; fileRef = D9ACCD281A152EF30076DFB4 /* EHSkillLevelCommentPopup.xib */; };
		D9B0CC651A03B17500544323 /* Foundation.framework in Frameworks */ = {isa = PBXBuildFile; fileRef = D9B0CC641A03B17500544323 /* Foundation.framework */; };
		D9B0CC671A03B17500544323 /* CoreGraphics.framework in Frameworks */ = {isa = PBXBuildFile; fileRef = D9B0CC661A03B17500544323 /* CoreGraphics.framework */; };
		D9B0CC691A03B17500544323 /* UIKit.framework in Frameworks */ = {isa = PBXBuildFile; fileRef = D9B0CC681A03B17500544323 /* UIKit.framework */; };
		D9B0CC6F1A03B17500544323 /* InfoPlist.strings in Resources */ = {isa = PBXBuildFile; fileRef = D9B0CC6D1A03B17500544323 /* InfoPlist.strings */; };
		D9B0CC711A03B17500544323 /* main.m in Sources */ = {isa = PBXBuildFile; fileRef = D9B0CC701A03B17500544323 /* main.m */; };
		D9B0CC751A03B17500544323 /* EHAppDelegate.m in Sources */ = {isa = PBXBuildFile; fileRef = D9B0CC741A03B17500544323 /* EHAppDelegate.m */; };
		D9B0CC781A03B17500544323 /* Main_iPhone.storyboard in Resources */ = {isa = PBXBuildFile; fileRef = D9B0CC761A03B17500544323 /* Main_iPhone.storyboard */; };
		D9B0CC7B1A03B17500544323 /* Main_iPad.storyboard in Resources */ = {isa = PBXBuildFile; fileRef = D9B0CC791A03B17500544323 /* Main_iPad.storyboard */; };
		D9B0CC871A03B17500544323 /* XCTest.framework in Frameworks */ = {isa = PBXBuildFile; fileRef = D9B0CC861A03B17500544323 /* XCTest.framework */; };
		D9B0CC881A03B17500544323 /* Foundation.framework in Frameworks */ = {isa = PBXBuildFile; fileRef = D9B0CC641A03B17500544323 /* Foundation.framework */; };
		D9B0CC891A03B17500544323 /* UIKit.framework in Frameworks */ = {isa = PBXBuildFile; fileRef = D9B0CC681A03B17500544323 /* UIKit.framework */; };
		D9B0CC911A03B17500544323 /* InfoPlist.strings in Resources */ = {isa = PBXBuildFile; fileRef = D9B0CC8F1A03B17500544323 /* InfoPlist.strings */; };
		D9B0CC931A03B17500544323 /* ExpertHelperTests.m in Sources */ = {isa = PBXBuildFile; fileRef = D9B0CC921A03B17500544323 /* ExpertHelperTests.m */; };
		D9BC6A441A3214A7002EA40E /* EHListOfRecruitersCell.m in Sources */ = {isa = PBXBuildFile; fileRef = D9BC6A421A3214A7002EA40E /* EHListOfRecruitersCell.m */; };
		D9BC6A481A321A72002EA40E /* EHRecruitersViewController.m in Sources */ = {isa = PBXBuildFile; fileRef = D9BC6A471A321A72002EA40E /* EHRecruitersViewController.m */; };
		D9BE54011A10B16700AD5D3D /* EHExternalCell.m in Sources */ = {isa = PBXBuildFile; fileRef = D9BE53F81A10B16700AD5D3D /* EHExternalCell.m */; };
		D9BE54021A10B16700AD5D3D /* EHExternalViewController.m in Sources */ = {isa = PBXBuildFile; fileRef = D9BE53FA1A10B16700AD5D3D /* EHExternalViewController.m */; };
		D9BE54041A10B16700AD5D3D /* EHProgrammingLanguagesViewController.m in Sources */ = {isa = PBXBuildFile; fileRef = D9BE53FE1A10B16700AD5D3D /* EHProgrammingLanguagesViewController.m */; };
		D9BE54071A10B1A200AD5D3D /* Images.xcassets in Resources */ = {isa = PBXBuildFile; fileRef = D9BE54061A10B1A200AD5D3D /* Images.xcassets */; };
		D9D69A571A37164D00F303A6 /* EHAddRecruiterController.m in Sources */ = {isa = PBXBuildFile; fileRef = D9D69A561A37164D00F303A6 /* EHAddRecruiterController.m */; };
		D9E7B7971A31E079002DA710 /* Candidate.m in Sources */ = {isa = PBXBuildFile; fileRef = D9E7B78A1A31E079002DA710 /* Candidate.m */; };
		D9E7B7981A31E079002DA710 /* ExternalInterview.m in Sources */ = {isa = PBXBuildFile; fileRef = D9E7B78C1A31E079002DA710 /* ExternalInterview.m */; };
		D9E7B7991A31E079002DA710 /* Group.m in Sources */ = {isa = PBXBuildFile; fileRef = D9E7B78E1A31E079002DA710 /* Group.m */; };
		D9E7B79A1A31E079002DA710 /* InterviewAppointment.m in Sources */ = {isa = PBXBuildFile; fileRef = D9E7B7901A31E079002DA710 /* InterviewAppointment.m */; };
		D9E7B79B1A31E079002DA710 /* Recruiter.m in Sources */ = {isa = PBXBuildFile; fileRef = D9E7B7921A31E079002DA710 /* Recruiter.m */; };
		D9E7B79C1A31E079002DA710 /* Skills.m in Sources */ = {isa = PBXBuildFile; fileRef = D9E7B7941A31E079002DA710 /* Skills.m */; };
		D9E7B79D1A31E079002DA710 /* SkillsLevels.m in Sources */ = {isa = PBXBuildFile; fileRef = D9E7B7961A31E079002DA710 /* SkillsLevels.m */; };
		D9E7B7AC1A31E0A3002DA710 /* _Candidate.m in Sources */ = {isa = PBXBuildFile; fileRef = D9E7B79F1A31E0A3002DA710 /* _Candidate.m */; };
		D9E7B7AD1A31E0A3002DA710 /* _ExternalInterview.m in Sources */ = {isa = PBXBuildFile; fileRef = D9E7B7A11A31E0A3002DA710 /* _ExternalInterview.m */; };
		D9E7B7AE1A31E0A3002DA710 /* _Group.m in Sources */ = {isa = PBXBuildFile; fileRef = D9E7B7A31A31E0A3002DA710 /* _Group.m */; };
		D9E7B7AF1A31E0A3002DA710 /* _InterviewAppointment.m in Sources */ = {isa = PBXBuildFile; fileRef = D9E7B7A51A31E0A3002DA710 /* _InterviewAppointment.m */; };
		D9E7B7B01A31E0A3002DA710 /* _Recruiter.m in Sources */ = {isa = PBXBuildFile; fileRef = D9E7B7A71A31E0A3002DA710 /* _Recruiter.m */; };
		D9E7B7B11A31E0A3002DA710 /* _Skills.m in Sources */ = {isa = PBXBuildFile; fileRef = D9E7B7A91A31E0A3002DA710 /* _Skills.m */; };
		D9E7B7B21A31E0A3002DA710 /* _SkillsLevels.m in Sources */ = {isa = PBXBuildFile; fileRef = D9E7B7AB1A31E0A3002DA710 /* _SkillsLevels.m */; };
		D9F15AD11A1A575A00E4DC62 /* EHListOfInterviewsViewController.m in Sources */ = {isa = PBXBuildFile; fileRef = D9F15AD01A1A575A00E4DC62 /* EHListOfInterviewsViewController.m */; };
/* End PBXBuildFile section */

/* Begin PBXContainerItemProxy section */
		D9B0CC8A1A03B17500544323 /* PBXContainerItemProxy */ = {
			isa = PBXContainerItemProxy;
			containerPortal = D9B0CC591A03B17500544323 /* Project object */;
			proxyType = 1;
			remoteGlobalIDString = D9B0CC601A03B17500544323;
			remoteInfo = ExpertHelper;
		};
/* End PBXContainerItemProxy section */

/* Begin PBXFileReference section */
		2790F4E11A139854001B0956 /* EHProfilesTableViewCell.h */ = {isa = PBXFileReference; fileEncoding = 4; lastKnownFileType = sourcecode.c.h; name = EHProfilesTableViewCell.h; path = Views/EHProfilesTableViewCell.h; sourceTree = "<group>"; };
		2790F4E21A139854001B0956 /* EHProfilesTableViewCell.m */ = {isa = PBXFileReference; fileEncoding = 4; lastKnownFileType = sourcecode.c.objc; name = EHProfilesTableViewCell.m; path = Views/EHProfilesTableViewCell.m; sourceTree = "<group>"; };
		2790F4E41A1398D8001B0956 /* EHProfilesViewController.h */ = {isa = PBXFileReference; fileEncoding = 4; lastKnownFileType = sourcecode.c.h; name = EHProfilesViewController.h; path = ViewControllers/EHProfilesViewController.h; sourceTree = "<group>"; };
		2790F4E51A1398D8001B0956 /* EHProfilesViewController.m */ = {isa = PBXFileReference; fileEncoding = 4; lastKnownFileType = sourcecode.c.objc; name = EHProfilesViewController.m; path = ViewControllers/EHProfilesViewController.m; sourceTree = "<group>"; };
		D90A1BBC1A16335F00B610C6 /* EHViewController.h */ = {isa = PBXFileReference; fileEncoding = 4; lastKnownFileType = sourcecode.c.h; name = EHViewController.h; path = ViewControllers/EHViewController.h; sourceTree = "<group>"; };
		D90A1BBD1A16335F00B610C6 /* EHViewController.m */ = {isa = PBXFileReference; fileEncoding = 4; lastKnownFileType = sourcecode.c.objc; name = EHViewController.m; path = ViewControllers/EHViewController.m; sourceTree = "<group>"; };
		D90A1BBF1A16366500B610C6 /* EHSkillLevelPopup.h */ = {isa = PBXFileReference; fileEncoding = 4; lastKnownFileType = sourcecode.c.h; name = EHSkillLevelPopup.h; path = ViewControllers/EHSkillLevelPopup.h; sourceTree = "<group>"; };
		D90A1BC01A16366500B610C6 /* EHSkillLevelPopup.m */ = {isa = PBXFileReference; fileEncoding = 4; lastKnownFileType = sourcecode.c.objc; name = EHSkillLevelPopup.m; path = ViewControllers/EHSkillLevelPopup.m; sourceTree = "<group>"; };
		D90A1BC21A16371800B610C6 /* AVFoundation.framework */ = {isa = PBXFileReference; lastKnownFileType = wrapper.framework; name = AVFoundation.framework; path = System/Library/Frameworks/AVFoundation.framework; sourceTree = SDKROOT; };
		D913A7FF1A2D0C3B00656CDE /* MessageUI.framework */ = {isa = PBXFileReference; lastKnownFileType = wrapper.framework; name = MessageUI.framework; path = System/Library/Frameworks/MessageUI.framework; sourceTree = SDKROOT; };
		D92204241A2F70D200B3BAAD /* CoreData.framework */ = {isa = PBXFileReference; lastKnownFileType = wrapper.framework; name = CoreData.framework; path = System/Library/Frameworks/CoreData.framework; sourceTree = SDKROOT; };
		D922044C1A2FAA4300B3BAAD /* Model.xcdatamodel */ = {isa = PBXFileReference; lastKnownFileType = wrapper.xcdatamodel; path = Model.xcdatamodel; sourceTree = "<group>"; };
		D922044E1A2FAA4300B3BAAD /* mogen.sh */ = {isa = PBXFileReference; fileEncoding = 4; lastKnownFileType = text.script.sh; path = mogen.sh; sourceTree = "<group>"; };
		D922044F1A2FAA4300B3BAAD /* mogend.sh */ = {isa = PBXFileReference; fileEncoding = 4; lastKnownFileType = text.script.sh; path = mogend.sh; sourceTree = "<group>"; };
		D92204761A2FAF6900B3BAAD /* EHConstantsDefines.h */ = {isa = PBXFileReference; fileEncoding = 4; lastKnownFileType = sourcecode.c.h; name = EHConstantsDefines.h; path = ../EHConstantsDefines.h; sourceTree = "<group>"; };
		D92B76E11A1F847F00B76F5E /* EHSkillLevelCommentPopup.h */ = {isa = PBXFileReference; fileEncoding = 4; lastKnownFileType = sourcecode.c.h; path = EHSkillLevelCommentPopup.h; sourceTree = "<group>"; };
		D92B76E21A1F847F00B76F5E /* EHSkillLevelCommentPopup.m */ = {isa = PBXFileReference; fileEncoding = 4; lastKnownFileType = sourcecode.c.objc; path = EHSkillLevelCommentPopup.m; sourceTree = "<group>"; };
		D92B76E31A1F847F00B76F5E /* EHSkillLevelPopup.xib */ = {isa = PBXFileReference; fileEncoding = 4; lastKnownFileType = file.xib; path = EHSkillLevelPopup.xib; sourceTree = "<group>"; };
		D967F2061A1E23BC0009639C /* EHCandidateFormViewController.h */ = {isa = PBXFileReference; fileEncoding = 4; lastKnownFileType = sourcecode.c.h; path = EHCandidateFormViewController.h; sourceTree = "<group>"; };
		D967F2071A1E23BC0009639C /* EHCandidateFormViewController.m */ = {isa = PBXFileReference; fileEncoding = 4; lastKnownFileType = sourcecode.c.objc; path = EHCandidateFormViewController.m; sourceTree = "<group>"; };
		D967F2091A1E305D0009639C /* EHRecruiterViewController.h */ = {isa = PBXFileReference; fileEncoding = 4; lastKnownFileType = sourcecode.c.h; path = EHRecruiterViewController.h; sourceTree = "<group>"; };
		D967F20A1A1E305D0009639C /* EHRecruiterViewController.m */ = {isa = PBXFileReference; fileEncoding = 4; lastKnownFileType = sourcecode.c.objc; path = EHRecruiterViewController.m; sourceTree = "<group>"; };
		D967F20C1A1E4DEE0009639C /* EHITAViewController.h */ = {isa = PBXFileReference; fileEncoding = 4; lastKnownFileType = sourcecode.c.h; name = EHITAViewController.h; path = ExpertHelper/EHITAViewController.h; sourceTree = "<group>"; };
		D967F20D1A1E4DEE0009639C /* EHITAViewController.m */ = {isa = PBXFileReference; fileEncoding = 4; lastKnownFileType = sourcecode.c.objc; name = EHITAViewController.m; path = ExpertHelper/EHITAViewController.m; sourceTree = "<group>"; };
		D967F20E1A1E4DEE0009639C /* EHITAViewControllerCell.h */ = {isa = PBXFileReference; fileEncoding = 4; lastKnownFileType = sourcecode.c.h; name = EHITAViewControllerCell.h; path = ExpertHelper/EHITAViewControllerCell.h; sourceTree = "<group>"; };
		D967F20F1A1E4DEE0009639C /* EHITAViewControllerCell.m */ = {isa = PBXFileReference; fileEncoding = 4; lastKnownFileType = sourcecode.c.objc; name = EHITAViewControllerCell.m; path = ExpertHelper/EHITAViewControllerCell.m; sourceTree = "<group>"; };
		D9998ED41A221CE9002E019A /* EHCalendarEventsParser.h */ = {isa = PBXFileReference; fileEncoding = 4; lastKnownFileType = sourcecode.c.h; name = EHCalendarEventsParser.h; path = "Calendar part/EHCalendarEventsParser.h"; sourceTree = "<group>"; };
		D9998ED51A221CE9002E019A /* EHCalendarEventsParser.m */ = {isa = PBXFileReference; fileEncoding = 4; lastKnownFileType = sourcecode.c.objc; name = EHCalendarEventsParser.m; path = "Calendar part/EHCalendarEventsParser.m"; sourceTree = "<group>"; };
		D9998ED61A221CE9002E019A /* EHCalendarFormViewController.h */ = {isa = PBXFileReference; fileEncoding = 4; lastKnownFileType = sourcecode.c.h; name = EHCalendarFormViewController.h; path = "Calendar part/EHCalendarFormViewController.h"; sourceTree = "<group>"; };
		D9998ED71A221CE9002E019A /* EHCalendarFormViewController.m */ = {isa = PBXFileReference; fileEncoding = 4; lastKnownFileType = sourcecode.c.objc; name = EHCalendarFormViewController.m; path = "Calendar part/EHCalendarFormViewController.m"; sourceTree = "<group>"; };
		D9998ED91A221CE9002E019A /* EHEventsGetInfoParser.h */ = {isa = PBXFileReference; fileEncoding = 4; lastKnownFileType = sourcecode.c.h; name = EHEventsGetInfoParser.h; path = "Calendar part/EHEventsGetInfoParser.h"; sourceTree = "<group>"; };
		D9998EDA1A221CE9002E019A /* EHEventsGetInfoParser.m */ = {isa = PBXFileReference; fileEncoding = 4; lastKnownFileType = sourcecode.c.objc; name = EHEventsGetInfoParser.m; path = "Calendar part/EHEventsGetInfoParser.m"; sourceTree = "<group>"; };
		D9998EDE1A221CE9002E019A /* EHRevealViewController.h */ = {isa = PBXFileReference; fileEncoding = 4; lastKnownFileType = sourcecode.c.h; path = EHRevealViewController.h; sourceTree = "<group>"; };
		D9998EDF1A221CE9002E019A /* EHRevealViewController.m */ = {isa = PBXFileReference; fileEncoding = 4; lastKnownFileType = sourcecode.c.objc; path = EHRevealViewController.m; sourceTree = "<group>"; };
		D9ACCD281A152EF30076DFB4 /* EHSkillLevelCommentPopup.xib */ = {isa = PBXFileReference; fileEncoding = 4; lastKnownFileType = file.xib; path = EHSkillLevelCommentPopup.xib; sourceTree = "<group>"; };
		D9B0CC611A03B17500544323 /* ExpertHelper.app */ = {isa = PBXFileReference; explicitFileType = wrapper.application; includeInIndex = 0; path = ExpertHelper.app; sourceTree = BUILT_PRODUCTS_DIR; };
		D9B0CC641A03B17500544323 /* Foundation.framework */ = {isa = PBXFileReference; lastKnownFileType = wrapper.framework; name = Foundation.framework; path = System/Library/Frameworks/Foundation.framework; sourceTree = SDKROOT; };
		D9B0CC661A03B17500544323 /* CoreGraphics.framework */ = {isa = PBXFileReference; lastKnownFileType = wrapper.framework; name = CoreGraphics.framework; path = System/Library/Frameworks/CoreGraphics.framework; sourceTree = SDKROOT; };
		D9B0CC681A03B17500544323 /* UIKit.framework */ = {isa = PBXFileReference; lastKnownFileType = wrapper.framework; name = UIKit.framework; path = System/Library/Frameworks/UIKit.framework; sourceTree = SDKROOT; };
		D9B0CC6C1A03B17500544323 /* ExpertHelper-Info.plist */ = {isa = PBXFileReference; lastKnownFileType = text.plist.xml; path = "ExpertHelper-Info.plist"; sourceTree = "<group>"; };
		D9B0CC6E1A03B17500544323 /* en */ = {isa = PBXFileReference; lastKnownFileType = text.plist.strings; name = en; path = en.lproj/InfoPlist.strings; sourceTree = "<group>"; };
		D9B0CC701A03B17500544323 /* main.m */ = {isa = PBXFileReference; lastKnownFileType = sourcecode.c.objc; path = main.m; sourceTree = "<group>"; };
		D9B0CC721A03B17500544323 /* ExpertHelper-Prefix.pch */ = {isa = PBXFileReference; lastKnownFileType = sourcecode.c.h; path = "ExpertHelper-Prefix.pch"; sourceTree = "<group>"; };
		D9B0CC731A03B17500544323 /* EHAppDelegate.h */ = {isa = PBXFileReference; lastKnownFileType = sourcecode.c.h; path = EHAppDelegate.h; sourceTree = "<group>"; };
		D9B0CC741A03B17500544323 /* EHAppDelegate.m */ = {isa = PBXFileReference; lastKnownFileType = sourcecode.c.objc; path = EHAppDelegate.m; sourceTree = "<group>"; };
		D9B0CC771A03B17500544323 /* Base */ = {isa = PBXFileReference; lastKnownFileType = file.storyboard; name = Base; path = Base.lproj/Main_iPhone.storyboard; sourceTree = "<group>"; };
		D9B0CC7A1A03B17500544323 /* Base */ = {isa = PBXFileReference; lastKnownFileType = file.storyboard; name = Base; path = Base.lproj/Main_iPad.storyboard; sourceTree = "<group>"; };
		D9B0CC851A03B17500544323 /* ExpertHelperTests.xctest */ = {isa = PBXFileReference; explicitFileType = wrapper.cfbundle; includeInIndex = 0; path = ExpertHelperTests.xctest; sourceTree = BUILT_PRODUCTS_DIR; };
		D9B0CC861A03B17500544323 /* XCTest.framework */ = {isa = PBXFileReference; lastKnownFileType = wrapper.framework; name = XCTest.framework; path = Library/Frameworks/XCTest.framework; sourceTree = DEVELOPER_DIR; };
		D9B0CC8E1A03B17500544323 /* ExpertHelperTests-Info.plist */ = {isa = PBXFileReference; lastKnownFileType = text.plist.xml; path = "ExpertHelperTests-Info.plist"; sourceTree = "<group>"; };
		D9B0CC901A03B17500544323 /* en */ = {isa = PBXFileReference; lastKnownFileType = text.plist.strings; name = en; path = en.lproj/InfoPlist.strings; sourceTree = "<group>"; };
		D9B0CC921A03B17500544323 /* ExpertHelperTests.m */ = {isa = PBXFileReference; lastKnownFileType = sourcecode.c.objc; path = ExpertHelperTests.m; sourceTree = "<group>"; };
		D9BC6A411A3214A7002EA40E /* EHListOfRecruitersCell.h */ = {isa = PBXFileReference; fileEncoding = 4; lastKnownFileType = sourcecode.c.h; path = EHListOfRecruitersCell.h; sourceTree = "<group>"; };
		D9BC6A421A3214A7002EA40E /* EHListOfRecruitersCell.m */ = {isa = PBXFileReference; fileEncoding = 4; lastKnownFileType = sourcecode.c.objc; path = EHListOfRecruitersCell.m; sourceTree = "<group>"; };
		D9BC6A461A321A72002EA40E /* EHRecruitersViewController.h */ = {isa = PBXFileReference; fileEncoding = 4; lastKnownFileType = sourcecode.c.h; path = EHRecruitersViewController.h; sourceTree = "<group>"; };
		D9BC6A471A321A72002EA40E /* EHRecruitersViewController.m */ = {isa = PBXFileReference; fileEncoding = 4; lastKnownFileType = sourcecode.c.objc; path = EHRecruitersViewController.m; sourceTree = "<group>"; };
		D9BE53F71A10B16700AD5D3D /* EHExternalCell.h */ = {isa = PBXFileReference; fileEncoding = 4; lastKnownFileType = sourcecode.c.h; path = EHExternalCell.h; sourceTree = "<group>"; };
		D9BE53F81A10B16700AD5D3D /* EHExternalCell.m */ = {isa = PBXFileReference; fileEncoding = 4; lastKnownFileType = sourcecode.c.objc; path = EHExternalCell.m; sourceTree = "<group>"; };
		D9BE53F91A10B16700AD5D3D /* EHExternalViewController.h */ = {isa = PBXFileReference; fileEncoding = 4; lastKnownFileType = sourcecode.c.h; path = EHExternalViewController.h; sourceTree = "<group>"; };
		D9BE53FA1A10B16700AD5D3D /* EHExternalViewController.m */ = {isa = PBXFileReference; fileEncoding = 4; lastKnownFileType = sourcecode.c.objc; path = EHExternalViewController.m; sourceTree = "<group>"; };
		D9BE53FD1A10B16700AD5D3D /* EHProgrammingLanguagesViewController.h */ = {isa = PBXFileReference; fileEncoding = 4; lastKnownFileType = sourcecode.c.h; path = EHProgrammingLanguagesViewController.h; sourceTree = "<group>"; };
		D9BE53FE1A10B16700AD5D3D /* EHProgrammingLanguagesViewController.m */ = {isa = PBXFileReference; fileEncoding = 4; lastKnownFileType = sourcecode.c.objc; path = EHProgrammingLanguagesViewController.m; sourceTree = "<group>"; };
		D9BE54061A10B1A200AD5D3D /* Images.xcassets */ = {isa = PBXFileReference; lastKnownFileType = folder.assetcatalog; path = Images.xcassets; sourceTree = "<group>"; };
		D9D69A551A37164D00F303A6 /* EHAddRecruiterController.h */ = {isa = PBXFileReference; fileEncoding = 4; lastKnownFileType = sourcecode.c.h; name = EHAddRecruiterController.h; path = ExpertHelper/EHAddRecruiterController.h; sourceTree = "<group>"; };
		D9D69A561A37164D00F303A6 /* EHAddRecruiterController.m */ = {isa = PBXFileReference; fileEncoding = 4; lastKnownFileType = sourcecode.c.objc; name = EHAddRecruiterController.m; path = ExpertHelper/EHAddRecruiterController.m; sourceTree = "<group>"; };
		D9E7B7891A31E079002DA710 /* Candidate.h */ = {isa = PBXFileReference; fileEncoding = 4; lastKnownFileType = sourcecode.c.h; path = Candidate.h; sourceTree = "<group>"; };
		D9E7B78A1A31E079002DA710 /* Candidate.m */ = {isa = PBXFileReference; fileEncoding = 4; lastKnownFileType = sourcecode.c.objc; path = Candidate.m; sourceTree = "<group>"; };
		D9E7B78B1A31E079002DA710 /* ExternalInterview.h */ = {isa = PBXFileReference; fileEncoding = 4; lastKnownFileType = sourcecode.c.h; path = ExternalInterview.h; sourceTree = "<group>"; };
		D9E7B78C1A31E079002DA710 /* ExternalInterview.m */ = {isa = PBXFileReference; fileEncoding = 4; lastKnownFileType = sourcecode.c.objc; path = ExternalInterview.m; sourceTree = "<group>"; };
		D9E7B78D1A31E079002DA710 /* Group.h */ = {isa = PBXFileReference; fileEncoding = 4; lastKnownFileType = sourcecode.c.h; path = Group.h; sourceTree = "<group>"; };
		D9E7B78E1A31E079002DA710 /* Group.m */ = {isa = PBXFileReference; fileEncoding = 4; lastKnownFileType = sourcecode.c.objc; path = Group.m; sourceTree = "<group>"; };
		D9E7B78F1A31E079002DA710 /* InterviewAppointment.h */ = {isa = PBXFileReference; fileEncoding = 4; lastKnownFileType = sourcecode.c.h; path = InterviewAppointment.h; sourceTree = "<group>"; };
		D9E7B7901A31E079002DA710 /* InterviewAppointment.m */ = {isa = PBXFileReference; fileEncoding = 4; lastKnownFileType = sourcecode.c.objc; path = InterviewAppointment.m; sourceTree = "<group>"; };
		D9E7B7911A31E079002DA710 /* Recruiter.h */ = {isa = PBXFileReference; fileEncoding = 4; lastKnownFileType = sourcecode.c.h; path = Recruiter.h; sourceTree = "<group>"; };
		D9E7B7921A31E079002DA710 /* Recruiter.m */ = {isa = PBXFileReference; fileEncoding = 4; lastKnownFileType = sourcecode.c.objc; path = Recruiter.m; sourceTree = "<group>"; };
		D9E7B7931A31E079002DA710 /* Skills.h */ = {isa = PBXFileReference; fileEncoding = 4; lastKnownFileType = sourcecode.c.h; path = Skills.h; sourceTree = "<group>"; };
		D9E7B7941A31E079002DA710 /* Skills.m */ = {isa = PBXFileReference; fileEncoding = 4; lastKnownFileType = sourcecode.c.objc; path = Skills.m; sourceTree = "<group>"; };
		D9E7B7951A31E079002DA710 /* SkillsLevels.h */ = {isa = PBXFileReference; fileEncoding = 4; lastKnownFileType = sourcecode.c.h; path = SkillsLevels.h; sourceTree = "<group>"; };
		D9E7B7961A31E079002DA710 /* SkillsLevels.m */ = {isa = PBXFileReference; fileEncoding = 4; lastKnownFileType = sourcecode.c.objc; path = SkillsLevels.m; sourceTree = "<group>"; };
		D9E7B79E1A31E0A3002DA710 /* _Candidate.h */ = {isa = PBXFileReference; fileEncoding = 4; lastKnownFileType = sourcecode.c.h; path = _Candidate.h; sourceTree = "<group>"; };
		D9E7B79F1A31E0A3002DA710 /* _Candidate.m */ = {isa = PBXFileReference; fileEncoding = 4; lastKnownFileType = sourcecode.c.objc; path = _Candidate.m; sourceTree = "<group>"; };
		D9E7B7A01A31E0A3002DA710 /* _ExternalInterview.h */ = {isa = PBXFileReference; fileEncoding = 4; lastKnownFileType = sourcecode.c.h; path = _ExternalInterview.h; sourceTree = "<group>"; };
		D9E7B7A11A31E0A3002DA710 /* _ExternalInterview.m */ = {isa = PBXFileReference; fileEncoding = 4; lastKnownFileType = sourcecode.c.objc; path = _ExternalInterview.m; sourceTree = "<group>"; };
		D9E7B7A21A31E0A3002DA710 /* _Group.h */ = {isa = PBXFileReference; fileEncoding = 4; lastKnownFileType = sourcecode.c.h; path = _Group.h; sourceTree = "<group>"; };
		D9E7B7A31A31E0A3002DA710 /* _Group.m */ = {isa = PBXFileReference; fileEncoding = 4; lastKnownFileType = sourcecode.c.objc; path = _Group.m; sourceTree = "<group>"; };
		D9E7B7A41A31E0A3002DA710 /* _InterviewAppointment.h */ = {isa = PBXFileReference; fileEncoding = 4; lastKnownFileType = sourcecode.c.h; path = _InterviewAppointment.h; sourceTree = "<group>"; };
		D9E7B7A51A31E0A3002DA710 /* _InterviewAppointment.m */ = {isa = PBXFileReference; fileEncoding = 4; lastKnownFileType = sourcecode.c.objc; path = _InterviewAppointment.m; sourceTree = "<group>"; };
		D9E7B7A61A31E0A3002DA710 /* _Recruiter.h */ = {isa = PBXFileReference; fileEncoding = 4; lastKnownFileType = sourcecode.c.h; path = _Recruiter.h; sourceTree = "<group>"; };
		D9E7B7A71A31E0A3002DA710 /* _Recruiter.m */ = {isa = PBXFileReference; fileEncoding = 4; lastKnownFileType = sourcecode.c.objc; path = _Recruiter.m; sourceTree = "<group>"; };
		D9E7B7A81A31E0A3002DA710 /* _Skills.h */ = {isa = PBXFileReference; fileEncoding = 4; lastKnownFileType = sourcecode.c.h; path = _Skills.h; sourceTree = "<group>"; };
		D9E7B7A91A31E0A3002DA710 /* _Skills.m */ = {isa = PBXFileReference; fileEncoding = 4; lastKnownFileType = sourcecode.c.objc; path = _Skills.m; sourceTree = "<group>"; };
		D9E7B7AA1A31E0A3002DA710 /* _SkillsLevels.h */ = {isa = PBXFileReference; fileEncoding = 4; lastKnownFileType = sourcecode.c.h; path = _SkillsLevels.h; sourceTree = "<group>"; };
		D9E7B7AB1A31E0A3002DA710 /* _SkillsLevels.m */ = {isa = PBXFileReference; fileEncoding = 4; lastKnownFileType = sourcecode.c.objc; path = _SkillsLevels.m; sourceTree = "<group>"; };
		D9F15ACF1A1A575A00E4DC62 /* EHListOfInterviewsViewController.h */ = {isa = PBXFileReference; fileEncoding = 4; lastKnownFileType = sourcecode.c.h; path = EHListOfInterviewsViewController.h; sourceTree = "<group>"; };
		D9F15AD01A1A575A00E4DC62 /* EHListOfInterviewsViewController.m */ = {isa = PBXFileReference; fileEncoding = 4; lastKnownFileType = sourcecode.c.objc; path = EHListOfInterviewsViewController.m; sourceTree = "<group>"; };
/* End PBXFileReference section */

/* Begin PBXFrameworksBuildPhase section */
		D9B0CC5E1A03B17500544323 /* Frameworks */ = {
			isa = PBXFrameworksBuildPhase;
			buildActionMask = 2147483647;
			files = (
				D92204251A2F70D200B3BAAD /* CoreData.framework in Frameworks */,
				D913A8001A2D0C3B00656CDE /* MessageUI.framework in Frameworks */,
				D90A1BC31A16371800B610C6 /* AVFoundation.framework in Frameworks */,
				D9B0CC671A03B17500544323 /* CoreGraphics.framework in Frameworks */,
				D9B0CC691A03B17500544323 /* UIKit.framework in Frameworks */,
				D9B0CC651A03B17500544323 /* Foundation.framework in Frameworks */,
			);
			runOnlyForDeploymentPostprocessing = 0;
		};
		D9B0CC821A03B17500544323 /* Frameworks */ = {
			isa = PBXFrameworksBuildPhase;
			buildActionMask = 2147483647;
			files = (
				D9B0CC871A03B17500544323 /* XCTest.framework in Frameworks */,
				D9B0CC891A03B17500544323 /* UIKit.framework in Frameworks */,
				D9B0CC881A03B17500544323 /* Foundation.framework in Frameworks */,
			);
			runOnlyForDeploymentPostprocessing = 0;
		};
/* End PBXFrameworksBuildPhase section */

/* Begin PBXGroup section */
		2790F4DF1A1396EB001B0956 /* Views */ = {
			isa = PBXGroup;
			children = (
				D9D836A01A1F3EA400148854 /* SkillLevelPopup */,
				D9D836A11A1F3EA600148854 /* SkillLevelCommentPopup */,
			);
			name = Views;
			sourceTree = "<group>";
		};
		2790F4E01A139735001B0956 /* ViewControllers */ = {
			isa = PBXGroup;
			children = (
				D9BC6A451A3214BF002EA40E /* HR */,
				D9D836A61A1F402D00148854 /* External */,
				D9D836A51A1F3FCC00148854 /* ProgrammingLanguages */,
				D9D836A41A1F3F1700148854 /* Recruiter */,
				D9D836A31A1F3F0600148854 /* Profiles */,
				D9D836A21A1F3EA800148854 /* VoiceRecorder */,
				D9D8369F1A1F3E7900148854 /* Candidate */,
				D967F2121A1E4E290009639C /* ITA */,
			);
			name = ViewControllers;
			sourceTree = "<group>";
		};
		D92204271A2FAA4200B3BAAD /* CoreData */ = {
			isa = PBXGroup;
			children = (
				D92204291A2FAA4300B3BAAD /* Human */,
				D922043A1A2FAA4300B3BAAD /* Machine */,
				D922044B1A2FAA4300B3BAAD /* Model.xcdatamodeld */,
				D92204761A2FAF6900B3BAAD /* EHConstantsDefines.h */,
				D922044D1A2FAA4300B3BAAD /* Scripts */,
			);
			path = CoreData;
			sourceTree = "<group>";
		};
		D92204291A2FAA4300B3BAAD /* Human */ = {
			isa = PBXGroup;
			children = (
				D9E7B7891A31E079002DA710 /* Candidate.h */,
				D9E7B78A1A31E079002DA710 /* Candidate.m */,
				D9E7B78B1A31E079002DA710 /* ExternalInterview.h */,
				D9E7B78C1A31E079002DA710 /* ExternalInterview.m */,
				D9E7B78D1A31E079002DA710 /* Group.h */,
				D9E7B78E1A31E079002DA710 /* Group.m */,
				D9E7B78F1A31E079002DA710 /* InterviewAppointment.h */,
				D9E7B7901A31E079002DA710 /* InterviewAppointment.m */,
				D9E7B7911A31E079002DA710 /* Recruiter.h */,
				D9E7B7921A31E079002DA710 /* Recruiter.m */,
				D9E7B7931A31E079002DA710 /* Skills.h */,
				D9E7B7941A31E079002DA710 /* Skills.m */,
				D9E7B7951A31E079002DA710 /* SkillsLevels.h */,
				D9E7B7961A31E079002DA710 /* SkillsLevels.m */,
			);
			path = Human;
			sourceTree = "<group>";
		};
		D922043A1A2FAA4300B3BAAD /* Machine */ = {
			isa = PBXGroup;
			children = (
				D9E7B79E1A31E0A3002DA710 /* _Candidate.h */,
				D9E7B79F1A31E0A3002DA710 /* _Candidate.m */,
				D9E7B7A01A31E0A3002DA710 /* _ExternalInterview.h */,
				D9E7B7A11A31E0A3002DA710 /* _ExternalInterview.m */,
				D9E7B7A21A31E0A3002DA710 /* _Group.h */,
				D9E7B7A31A31E0A3002DA710 /* _Group.m */,
				D9E7B7A41A31E0A3002DA710 /* _InterviewAppointment.h */,
				D9E7B7A51A31E0A3002DA710 /* _InterviewAppointment.m */,
				D9E7B7A61A31E0A3002DA710 /* _Recruiter.h */,
				D9E7B7A71A31E0A3002DA710 /* _Recruiter.m */,
				D9E7B7A81A31E0A3002DA710 /* _Skills.h */,
				D9E7B7A91A31E0A3002DA710 /* _Skills.m */,
				D9E7B7AA1A31E0A3002DA710 /* _SkillsLevels.h */,
				D9E7B7AB1A31E0A3002DA710 /* _SkillsLevels.m */,
			);
			path = Machine;
			sourceTree = "<group>";
		};
		D922044D1A2FAA4300B3BAAD /* Scripts */ = {
			isa = PBXGroup;
			children = (
				D922044E1A2FAA4300B3BAAD /* mogen.sh */,
				D922044F1A2FAA4300B3BAAD /* mogend.sh */,
			);
			path = Scripts;
			sourceTree = "<group>";
		};
		D93583FC1A1CB38B00135A2D /* Model */ = {
			isa = PBXGroup;
			children = (
				D9998ED91A221CE9002E019A /* EHEventsGetInfoParser.h */,
				D9998EDA1A221CE9002E019A /* EHEventsGetInfoParser.m */,
				D9998ED41A221CE9002E019A /* EHCalendarEventsParser.h */,
				D9998ED51A221CE9002E019A /* EHCalendarEventsParser.m */,
			);
			name = Model;
			sourceTree = "<group>";
		};
		D93583FD1A1CB3AD00135A2D /* WorkWithEvents */ = {
			isa = PBXGroup;
			children = (
				D92204271A2FAA4200B3BAAD /* CoreData */,
				D93583FC1A1CB38B00135A2D /* Model */,
				D9DF27D21A1BDABA008555E4 /* Controllers */,
			);
			name = WorkWithEvents;
			sourceTree = "<group>";
		};
		D967F2121A1E4E290009639C /* ITA */ = {
			isa = PBXGroup;
			children = (
				D967F20C1A1E4DEE0009639C /* EHITAViewController.h */,
				D967F20D1A1E4DEE0009639C /* EHITAViewController.m */,
				D967F20E1A1E4DEE0009639C /* EHITAViewControllerCell.h */,
				D967F20F1A1E4DEE0009639C /* EHITAViewControllerCell.m */,
			);
			name = ITA;
			path = ..;
			sourceTree = "<group>";
		};
		D9998EDD1A221CE9002E019A /* SlideOutMenuFiles */ = {
			isa = PBXGroup;
			children = (
				D9998EDE1A221CE9002E019A /* EHRevealViewController.h */,
				D9998EDF1A221CE9002E019A /* EHRevealViewController.m */,
			);
			name = SlideOutMenuFiles;
			path = "Calendar part/SlideOutMenuFiles";
			sourceTree = "<group>";
		};
		D9B0CC581A03B17500544323 = {
			isa = PBXGroup;
			children = (
				D9B0CC6A1A03B17500544323 /* ExpertHelper */,
				D9B0CC8C1A03B17500544323 /* ExpertHelperTests */,
				D9B0CC631A03B17500544323 /* Frameworks */,
				D9B0CC621A03B17500544323 /* Products */,
			);
			sourceTree = "<group>";
		};
		D9B0CC621A03B17500544323 /* Products */ = {
			isa = PBXGroup;
			children = (
				D9B0CC611A03B17500544323 /* ExpertHelper.app */,
				D9B0CC851A03B17500544323 /* ExpertHelperTests.xctest */,
			);
			name = Products;
			sourceTree = "<group>";
		};
		D9B0CC631A03B17500544323 /* Frameworks */ = {
			isa = PBXGroup;
			children = (
				D92204241A2F70D200B3BAAD /* CoreData.framework */,
				D913A7FF1A2D0C3B00656CDE /* MessageUI.framework */,
				D90A1BC21A16371800B610C6 /* AVFoundation.framework */,
				D9B0CC641A03B17500544323 /* Foundation.framework */,
				D9B0CC661A03B17500544323 /* CoreGraphics.framework */,
				D9B0CC681A03B17500544323 /* UIKit.framework */,
				D9B0CC861A03B17500544323 /* XCTest.framework */,
			);
			name = Frameworks;
			sourceTree = "<group>";
		};
		D9B0CC6A1A03B17500544323 /* ExpertHelper */ = {
			isa = PBXGroup;
			children = (
				D93583FD1A1CB3AD00135A2D /* WorkWithEvents */,
				2790F4E01A139735001B0956 /* ViewControllers */,
				2790F4DF1A1396EB001B0956 /* Views */,
				D9B0CC791A03B17500544323 /* Main_iPad.storyboard */,
				D9B0CC761A03B17500544323 /* Main_iPhone.storyboard */,
				D9B0CC6B1A03B17500544323 /* Supporting Files */,
			);
			path = ExpertHelper;
			sourceTree = "<group>";
		};
		D9B0CC6B1A03B17500544323 /* Supporting Files */ = {
			isa = PBXGroup;
			children = (
				D9998EDD1A221CE9002E019A /* SlideOutMenuFiles */,
				D9BE54061A10B1A200AD5D3D /* Images.xcassets */,
				D9B0CC731A03B17500544323 /* EHAppDelegate.h */,
				D9B0CC741A03B17500544323 /* EHAppDelegate.m */,
				D9B0CC6C1A03B17500544323 /* ExpertHelper-Info.plist */,
				D9B0CC6D1A03B17500544323 /* InfoPlist.strings */,
				D9B0CC701A03B17500544323 /* main.m */,
				D9B0CC721A03B17500544323 /* ExpertHelper-Prefix.pch */,
			);
			name = "Supporting Files";
			sourceTree = "<group>";
		};
		D9B0CC8C1A03B17500544323 /* ExpertHelperTests */ = {
			isa = PBXGroup;
			children = (
				D9B0CC921A03B17500544323 /* ExpertHelperTests.m */,
				D9B0CC8D1A03B17500544323 /* Supporting Files */,
			);
			path = ExpertHelperTests;
			sourceTree = "<group>";
		};
		D9B0CC8D1A03B17500544323 /* Supporting Files */ = {
			isa = PBXGroup;
			children = (
				D9B0CC8E1A03B17500544323 /* ExpertHelperTests-Info.plist */,
				D9B0CC8F1A03B17500544323 /* InfoPlist.strings */,
			);
			name = "Supporting Files";
			sourceTree = "<group>";
		};
		D9BC6A451A3214BF002EA40E /* HR */ = {
			isa = PBXGroup;
			children = (
				D9D69A551A37164D00F303A6 /* EHAddRecruiterController.h */,
				D9D69A561A37164D00F303A6 /* EHAddRecruiterController.m */,
				D9BC6A461A321A72002EA40E /* EHRecruitersViewController.h */,
				D9BC6A471A321A72002EA40E /* EHRecruitersViewController.m */,
				D9BC6A411A3214A7002EA40E /* EHListOfRecruitersCell.h */,
				D9BC6A421A3214A7002EA40E /* EHListOfRecruitersCell.m */,
			);
			name = HR;
			path = ..;
			sourceTree = "<group>";
		};
		D9D8369F1A1F3E7900148854 /* Candidate */ = {
			isa = PBXGroup;
			children = (
				D967F2061A1E23BC0009639C /* EHCandidateFormViewController.h */,
				D967F2071A1E23BC0009639C /* EHCandidateFormViewController.m */,
			);
			name = Candidate;
			sourceTree = "<group>";
		};
		D9D836A01A1F3EA400148854 /* SkillLevelPopup */ = {
			isa = PBXGroup;
			children = (
				D90A1BBF1A16366500B610C6 /* EHSkillLevelPopup.h */,
				D90A1BC01A16366500B610C6 /* EHSkillLevelPopup.m */,
				D92B76E31A1F847F00B76F5E /* EHSkillLevelPopup.xib */,
			);
			name = SkillLevelPopup;
			sourceTree = "<group>";
		};
		D9D836A11A1F3EA600148854 /* SkillLevelCommentPopup */ = {
			isa = PBXGroup;
			children = (
				D92B76E11A1F847F00B76F5E /* EHSkillLevelCommentPopup.h */,
				D92B76E21A1F847F00B76F5E /* EHSkillLevelCommentPopup.m */,
				D9ACCD281A152EF30076DFB4 /* EHSkillLevelCommentPopup.xib */,
			);
			name = SkillLevelCommentPopup;
			sourceTree = "<group>";
		};
		D9D836A21A1F3EA800148854 /* VoiceRecorder */ = {
			isa = PBXGroup;
			children = (
				D90A1BBC1A16335F00B610C6 /* EHViewController.h */,
				D90A1BBD1A16335F00B610C6 /* EHViewController.m */,
			);
			name = VoiceRecorder;
			sourceTree = "<group>";
		};
		D9D836A31A1F3F0600148854 /* Profiles */ = {
			isa = PBXGroup;
			children = (
				2790F4E11A139854001B0956 /* EHProfilesTableViewCell.h */,
				2790F4E21A139854001B0956 /* EHProfilesTableViewCell.m */,
				2790F4E41A1398D8001B0956 /* EHProfilesViewController.h */,
				2790F4E51A1398D8001B0956 /* EHProfilesViewController.m */,
			);
			name = Profiles;
			sourceTree = "<group>";
		};
		D9D836A41A1F3F1700148854 /* Recruiter */ = {
			isa = PBXGroup;
			children = (
				D967F2091A1E305D0009639C /* EHRecruiterViewController.h */,
				D967F20A1A1E305D0009639C /* EHRecruiterViewController.m */,
			);
			name = Recruiter;
			sourceTree = "<group>";
		};
		D9D836A51A1F3FCC00148854 /* ProgrammingLanguages */ = {
			isa = PBXGroup;
			children = (
				D9BE53FD1A10B16700AD5D3D /* EHProgrammingLanguagesViewController.h */,
				D9BE53FE1A10B16700AD5D3D /* EHProgrammingLanguagesViewController.m */,
			);
			name = ProgrammingLanguages;
			sourceTree = "<group>";
		};
		D9D836A61A1F402D00148854 /* External */ = {
			isa = PBXGroup;
			children = (
				D9BE53F71A10B16700AD5D3D /* EHExternalCell.h */,
				D9BE53F81A10B16700AD5D3D /* EHExternalCell.m */,
				D9BE53F91A10B16700AD5D3D /* EHExternalViewController.h */,
				D9BE53FA1A10B16700AD5D3D /* EHExternalViewController.m */,
			);
			name = External;
			sourceTree = "<group>";
		};
		D9DF27D21A1BDABA008555E4 /* Controllers */ = {
			isa = PBXGroup;
			children = (
				D9F15ACF1A1A575A00E4DC62 /* EHListOfInterviewsViewController.h */,
				D9F15AD01A1A575A00E4DC62 /* EHListOfInterviewsViewController.m */,
				D9998ED61A221CE9002E019A /* EHCalendarFormViewController.h */,
				D9998ED71A221CE9002E019A /* EHCalendarFormViewController.m */,
			);
			name = Controllers;
			sourceTree = "<group>";
		};
/* End PBXGroup section */

/* Begin PBXNativeTarget section */
		D9B0CC601A03B17500544323 /* ExpertHelper */ = {
			isa = PBXNativeTarget;
			buildConfigurationList = D9B0CC961A03B17500544323 /* Build configuration list for PBXNativeTarget "ExpertHelper" */;
			buildPhases = (
				D9B0CC5D1A03B17500544323 /* Sources */,
				D9B0CC5E1A03B17500544323 /* Frameworks */,
				D9B0CC5F1A03B17500544323 /* Resources */,
			);
			buildRules = (
			);
			dependencies = (
			);
			name = ExpertHelper;
			productName = ExpertHelper;
			productReference = D9B0CC611A03B17500544323 /* ExpertHelper.app */;
			productType = "com.apple.product-type.application";
		};
		D9B0CC841A03B17500544323 /* ExpertHelperTests */ = {
			isa = PBXNativeTarget;
			buildConfigurationList = D9B0CC991A03B17500544323 /* Build configuration list for PBXNativeTarget "ExpertHelperTests" */;
			buildPhases = (
				D9B0CC811A03B17500544323 /* Sources */,
				D9B0CC821A03B17500544323 /* Frameworks */,
				D9B0CC831A03B17500544323 /* Resources */,
			);
			buildRules = (
			);
			dependencies = (
				D9B0CC8B1A03B17500544323 /* PBXTargetDependency */,
			);
			name = ExpertHelperTests;
			productName = ExpertHelperTests;
			productReference = D9B0CC851A03B17500544323 /* ExpertHelperTests.xctest */;
			productType = "com.apple.product-type.bundle.unit-test";
		};
/* End PBXNativeTarget section */

/* Begin PBXProject section */
		D9B0CC591A03B17500544323 /* Project object */ = {
			isa = PBXProject;
			attributes = {
				CLASSPREFIX = EH;
				LastUpgradeCheck = 0500;
				ORGANIZATIONNAME = "Katolyk S.";
				TargetAttributes = {
					D9B0CC841A03B17500544323 = {
						TestTargetID = D9B0CC601A03B17500544323;
					};
				};
			};
			buildConfigurationList = D9B0CC5C1A03B17500544323 /* Build configuration list for PBXProject "ExpertHelper" */;
			compatibilityVersion = "Xcode 3.2";
			developmentRegion = English;
			hasScannedForEncodings = 0;
			knownRegions = (
				en,
				Base,
			);
			mainGroup = D9B0CC581A03B17500544323;
			productRefGroup = D9B0CC621A03B17500544323 /* Products */;
			projectDirPath = "";
			projectRoot = "";
			targets = (
				D9B0CC601A03B17500544323 /* ExpertHelper */,
				D9B0CC841A03B17500544323 /* ExpertHelperTests */,
				D922041F1A2F6F4300B3BAAD /* mogenerator */,
			);
		};
/* End PBXProject section */

/* Begin PBXResourcesBuildPhase section */
		D9B0CC5F1A03B17500544323 /* Resources */ = {
			isa = PBXResourcesBuildPhase;
			buildActionMask = 2147483647;
			files = (
				D9ACCD291A152EF30076DFB4 /* EHSkillLevelCommentPopup.xib in Resources */,
				D9B0CC7B1A03B17500544323 /* Main_iPad.storyboard in Resources */,
				D9BE54071A10B1A200AD5D3D /* Images.xcassets in Resources */,
				D92B76E51A1F847F00B76F5E /* EHSkillLevelPopup.xib in Resources */,
				D92204741A2FAA4300B3BAAD /* mogend.sh in Resources */,
				D92204721A2FAA4300B3BAAD /* mogen.sh in Resources */,
				D9B0CC781A03B17500544323 /* Main_iPhone.storyboard in Resources */,
				D9B0CC6F1A03B17500544323 /* InfoPlist.strings in Resources */,
			);
			runOnlyForDeploymentPostprocessing = 0;
		};
		D9B0CC831A03B17500544323 /* Resources */ = {
			isa = PBXResourcesBuildPhase;
			buildActionMask = 2147483647;
			files = (
				D9B0CC911A03B17500544323 /* InfoPlist.strings in Resources */,
				D92204731A2FAA4300B3BAAD /* mogen.sh in Resources */,
				D92204751A2FAA4300B3BAAD /* mogend.sh in Resources */,
			);
			runOnlyForDeploymentPostprocessing = 0;
		};
/* End PBXResourcesBuildPhase section */

/* Begin PBXShellScriptBuildPhase section */
		D92204231A2F6F6F00B3BAAD /* ShellScript */ = {
			isa = PBXShellScriptBuildPhase;
			buildActionMask = 2147483647;
			files = (
			);
			inputPaths = (
			);
			outputPaths = (
			);
			runOnlyForDeploymentPostprocessing = 0;
			shellPath = /bin/sh;
			shellScript = "mogenerator -m ${SRCROOT}/ExpertHelper/CoreData/Model.xcdatamodeld -M ${SRCROOT}/ExpertHelper/CoreData/Machine -H ${SRCROOT}/ExpertHelper/CoreData/Human —template-var arc=true";
		};
/* End PBXShellScriptBuildPhase section */

/* Begin PBXSourcesBuildPhase section */
		D9B0CC5D1A03B17500544323 /* Sources */ = {
			isa = PBXSourcesBuildPhase;
			buildActionMask = 2147483647;
			files = (
				D9E7B79B1A31E079002DA710 /* Recruiter.m in Sources */,
				D967F2111A1E4DEE0009639C /* EHITAViewControllerCell.m in Sources */,
				2790F4E31A139854001B0956 /* EHProfilesTableViewCell.m in Sources */,
				D9E7B7AE1A31E0A3002DA710 /* _Group.m in Sources */,
				D9E7B79D1A31E079002DA710 /* SkillsLevels.m in Sources */,
				D9B0CC711A03B17500544323 /* main.m in Sources */,
				D9F15AD11A1A575A00E4DC62 /* EHListOfInterviewsViewController.m in Sources */,
				D967F20B1A1E305D0009639C /* EHRecruiterViewController.m in Sources */,
				D9BE54021A10B16700AD5D3D /* EHExternalViewController.m in Sources */,
				D967F2101A1E4DEE0009639C /* EHITAViewController.m in Sources */,
				2790F4E61A1398D8001B0956 /* EHProfilesViewController.m in Sources */,
				D9E7B7981A31E079002DA710 /* ExternalInterview.m in Sources */,
				D9E7B7AF1A31E0A3002DA710 /* _InterviewAppointment.m in Sources */,
				D967F2081A1E23BC0009639C /* EHCandidateFormViewController.m in Sources */,
				D9D69A571A37164D00F303A6 /* EHAddRecruiterController.m in Sources */,
				D9998EE41A221CE9002E019A /* EHRevealViewController.m in Sources */,
				D9BE54041A10B16700AD5D3D /* EHProgrammingLanguagesViewController.m in Sources */,
				D9998EE01A221CE9002E019A /* EHCalendarEventsParser.m in Sources */,
				D9E7B79A1A31E079002DA710 /* InterviewAppointment.m in Sources */,
				D92204701A2FAA4300B3BAAD /* Model.xcdatamodeld in Sources */,
				D9E7B7991A31E079002DA710 /* Group.m in Sources */,
				D9E7B7B21A31E0A3002DA710 /* _SkillsLevels.m in Sources */,
				D92B76E41A1F847F00B76F5E /* EHSkillLevelCommentPopup.m in Sources */,
				D9998EE11A221CE9002E019A /* EHCalendarFormViewController.m in Sources */,
				D9BC6A481A321A72002EA40E /* EHRecruitersViewController.m in Sources */,
				D9B0CC751A03B17500544323 /* EHAppDelegate.m in Sources */,
				D90A1BBE1A16335F00B610C6 /* EHViewController.m in Sources */,
				D9998EE21A221CE9002E019A /* EHEventsGetInfoParser.m in Sources */,
				D90A1BC11A16366500B610C6 /* EHSkillLevelPopup.m in Sources */,
				D9BE54011A10B16700AD5D3D /* EHExternalCell.m in Sources */,
				D9E7B7B01A31E0A3002DA710 /* _Recruiter.m in Sources */,
				D9E7B7971A31E079002DA710 /* Candidate.m in Sources */,
				D9E7B79C1A31E079002DA710 /* Skills.m in Sources */,
				D9E7B7AC1A31E0A3002DA710 /* _Candidate.m in Sources */,
				D9BC6A441A3214A7002EA40E /* EHListOfRecruitersCell.m in Sources */,
				D9E7B7B11A31E0A3002DA710 /* _Skills.m in Sources */,
				D9E7B7AD1A31E0A3002DA710 /* _ExternalInterview.m in Sources */,
			);
			runOnlyForDeploymentPostprocessing = 0;
		};
		D9B0CC811A03B17500544323 /* Sources */ = {
			isa = PBXSourcesBuildPhase;
			buildActionMask = 2147483647;
			files = (
				D9B0CC931A03B17500544323 /* ExpertHelperTests.m in Sources */,
				D92204711A2FAA4300B3BAAD /* Model.xcdatamodeld in Sources */,
			);
			runOnlyForDeploymentPostprocessing = 0;
		};
/* End PBXSourcesBuildPhase section */

/* Begin PBXTargetDependency section */
		D9B0CC8B1A03B17500544323 /* PBXTargetDependency */ = {
			isa = PBXTargetDependency;
			target = D9B0CC601A03B17500544323 /* ExpertHelper */;
			targetProxy = D9B0CC8A1A03B17500544323 /* PBXContainerItemProxy */;
		};
/* End PBXTargetDependency section */

/* Begin PBXVariantGroup section */
		D9B0CC6D1A03B17500544323 /* InfoPlist.strings */ = {
			isa = PBXVariantGroup;
			children = (
				D9B0CC6E1A03B17500544323 /* en */,
			);
			name = InfoPlist.strings;
			sourceTree = "<group>";
		};
		D9B0CC761A03B17500544323 /* Main_iPhone.storyboard */ = {
			isa = PBXVariantGroup;
			children = (
				D9B0CC771A03B17500544323 /* Base */,
			);
			name = Main_iPhone.storyboard;
			sourceTree = "<group>";
		};
		D9B0CC791A03B17500544323 /* Main_iPad.storyboard */ = {
			isa = PBXVariantGroup;
			children = (
				D9B0CC7A1A03B17500544323 /* Base */,
			);
			name = Main_iPad.storyboard;
			sourceTree = "<group>";
		};
		D9B0CC8F1A03B17500544323 /* InfoPlist.strings */ = {
			isa = PBXVariantGroup;
			children = (
				D9B0CC901A03B17500544323 /* en */,
			);
			name = InfoPlist.strings;
			sourceTree = "<group>";
		};
/* End PBXVariantGroup section */

/* Begin XCBuildConfiguration section */
		D92204211A2F6F4300B3BAAD /* Debug */ = {
			isa = XCBuildConfiguration;
			buildSettings = {
				PRODUCT_NAME = "$(TARGET_NAME)";
			};
			name = Debug;
		};
		D92204221A2F6F4300B3BAAD /* Release */ = {
			isa = XCBuildConfiguration;
			buildSettings = {
				PRODUCT_NAME = "$(TARGET_NAME)";
			};
			name = Release;
		};
		D9B0CC941A03B17500544323 /* Debug */ = {
			isa = XCBuildConfiguration;
			buildSettings = {
				ALWAYS_SEARCH_USER_PATHS = NO;
				ARCHS = "$(ARCHS_STANDARD_INCLUDING_64_BIT)";
				CLANG_CXX_LANGUAGE_STANDARD = "gnu++0x";
				CLANG_CXX_LIBRARY = "libc++";
				CLANG_ENABLE_MODULES = YES;
				CLANG_ENABLE_OBJC_ARC = YES;
				CLANG_WARN_BOOL_CONVERSION = YES;
				CLANG_WARN_CONSTANT_CONVERSION = YES;
				CLANG_WARN_DIRECT_OBJC_ISA_USAGE = YES_ERROR;
				CLANG_WARN_EMPTY_BODY = YES;
				CLANG_WARN_ENUM_CONVERSION = YES;
				CLANG_WARN_INT_CONVERSION = YES;
				CLANG_WARN_OBJC_ROOT_CLASS = YES_ERROR;
				CLANG_WARN__DUPLICATE_METHOD_MATCH = YES;
				"CODE_SIGN_IDENTITY[sdk=iphoneos*]" = "iPhone Developer";
				COPY_PHASE_STRIP = NO;
				GCC_C_LANGUAGE_STANDARD = gnu99;
				GCC_DYNAMIC_NO_PIC = NO;
				GCC_OPTIMIZATION_LEVEL = 0;
				GCC_PREPROCESSOR_DEFINITIONS = (
					"DEBUG=1",
					"$(inherited)",
				);
				GCC_SYMBOLS_PRIVATE_EXTERN = NO;
				GCC_WARN_64_TO_32_BIT_CONVERSION = YES;
				GCC_WARN_ABOUT_RETURN_TYPE = YES_ERROR;
				GCC_WARN_UNDECLARED_SELECTOR = YES;
				GCC_WARN_UNINITIALIZED_AUTOS = YES;
				GCC_WARN_UNUSED_FUNCTION = YES;
				GCC_WARN_UNUSED_VARIABLE = YES;
				IPHONEOS_DEPLOYMENT_TARGET = 7.0;
				ONLY_ACTIVE_ARCH = YES;
				SDKROOT = iphoneos;
				TARGETED_DEVICE_FAMILY = "1,2";
			};
			name = Debug;
		};
		D9B0CC951A03B17500544323 /* Release */ = {
			isa = XCBuildConfiguration;
			buildSettings = {
				ALWAYS_SEARCH_USER_PATHS = NO;
				ARCHS = "$(ARCHS_STANDARD_INCLUDING_64_BIT)";
				CLANG_CXX_LANGUAGE_STANDARD = "gnu++0x";
				CLANG_CXX_LIBRARY = "libc++";
				CLANG_ENABLE_MODULES = YES;
				CLANG_ENABLE_OBJC_ARC = YES;
				CLANG_WARN_BOOL_CONVERSION = YES;
				CLANG_WARN_CONSTANT_CONVERSION = YES;
				CLANG_WARN_DIRECT_OBJC_ISA_USAGE = YES_ERROR;
				CLANG_WARN_EMPTY_BODY = YES;
				CLANG_WARN_ENUM_CONVERSION = YES;
				CLANG_WARN_INT_CONVERSION = YES;
				CLANG_WARN_OBJC_ROOT_CLASS = YES_ERROR;
				CLANG_WARN__DUPLICATE_METHOD_MATCH = YES;
				"CODE_SIGN_IDENTITY[sdk=iphoneos*]" = "iPhone Developer";
				COPY_PHASE_STRIP = YES;
				ENABLE_NS_ASSERTIONS = NO;
				GCC_C_LANGUAGE_STANDARD = gnu99;
				GCC_WARN_64_TO_32_BIT_CONVERSION = YES;
				GCC_WARN_ABOUT_RETURN_TYPE = YES_ERROR;
				GCC_WARN_UNDECLARED_SELECTOR = YES;
				GCC_WARN_UNINITIALIZED_AUTOS = YES;
				GCC_WARN_UNUSED_FUNCTION = YES;
				GCC_WARN_UNUSED_VARIABLE = YES;
				IPHONEOS_DEPLOYMENT_TARGET = 7.0;
				SDKROOT = iphoneos;
				TARGETED_DEVICE_FAMILY = "1,2";
				VALIDATE_PRODUCT = YES;
			};
			name = Release;
		};
		D9B0CC971A03B17500544323 /* Debug */ = {
			isa = XCBuildConfiguration;
			buildSettings = {
				ASSETCATALOG_COMPILER_APPICON_NAME = AppIcon;
				ASSETCATALOG_COMPILER_LAUNCHIMAGE_NAME = LaunchImage;
				FRAMEWORK_SEARCH_PATHS = "$(inherited)";
				GCC_PRECOMPILE_PREFIX_HEADER = YES;
				GCC_PREFIX_HEADER = "ExpertHelper/ExpertHelper-Prefix.pch";
				INFOPLIST_FILE = "ExpertHelper/ExpertHelper-Info.plist";
				PRODUCT_NAME = "$(TARGET_NAME)";
				WRAPPER_EXTENSION = app;
			};
			name = Debug;
		};
		D9B0CC981A03B17500544323 /* Release */ = {
			isa = XCBuildConfiguration;
			buildSettings = {
				ASSETCATALOG_COMPILER_APPICON_NAME = AppIcon;
				ASSETCATALOG_COMPILER_LAUNCHIMAGE_NAME = LaunchImage;
				FRAMEWORK_SEARCH_PATHS = "$(inherited)";
				GCC_PRECOMPILE_PREFIX_HEADER = YES;
				GCC_PREFIX_HEADER = "ExpertHelper/ExpertHelper-Prefix.pch";
				INFOPLIST_FILE = "ExpertHelper/ExpertHelper-Info.plist";
				PRODUCT_NAME = "$(TARGET_NAME)";
				WRAPPER_EXTENSION = app;
			};
			name = Release;
		};
		D9B0CC9A1A03B17500544323 /* Debug */ = {
			isa = XCBuildConfiguration;
			buildSettings = {
				ARCHS = "$(ARCHS_STANDARD_INCLUDING_64_BIT)";
				BUNDLE_LOADER = "$(BUILT_PRODUCTS_DIR)/ExpertHelper.app/ExpertHelper";
				FRAMEWORK_SEARCH_PATHS = (
					"$(SDKROOT)/Developer/Library/Frameworks",
					"$(inherited)",
					"$(DEVELOPER_FRAMEWORKS_DIR)",
				);
				GCC_PRECOMPILE_PREFIX_HEADER = YES;
				GCC_PREFIX_HEADER = "ExpertHelper/ExpertHelper-Prefix.pch";
				GCC_PREPROCESSOR_DEFINITIONS = (
					"DEBUG=1",
					"$(inherited)",
				);
				INFOPLIST_FILE = "ExpertHelperTests/ExpertHelperTests-Info.plist";
				PRODUCT_NAME = "$(TARGET_NAME)";
				TEST_HOST = "$(BUNDLE_LOADER)";
				WRAPPER_EXTENSION = xctest;
			};
			name = Debug;
		};
		D9B0CC9B1A03B17500544323 /* Release */ = {
			isa = XCBuildConfiguration;
			buildSettings = {
				ARCHS = "$(ARCHS_STANDARD_INCLUDING_64_BIT)";
				BUNDLE_LOADER = "$(BUILT_PRODUCTS_DIR)/ExpertHelper.app/ExpertHelper";
				FRAMEWORK_SEARCH_PATHS = (
					"$(SDKROOT)/Developer/Library/Frameworks",
					"$(inherited)",
					"$(DEVELOPER_FRAMEWORKS_DIR)",
				);
				GCC_PRECOMPILE_PREFIX_HEADER = YES;
				GCC_PREFIX_HEADER = "ExpertHelper/ExpertHelper-Prefix.pch";
				INFOPLIST_FILE = "ExpertHelperTests/ExpertHelperTests-Info.plist";
				PRODUCT_NAME = "$(TARGET_NAME)";
				TEST_HOST = "$(BUNDLE_LOADER)";
				WRAPPER_EXTENSION = xctest;
			};
			name = Release;
		};
/* End XCBuildConfiguration section */

/* Begin XCConfigurationList section */
		D92204201A2F6F4300B3BAAD /* Build configuration list for PBXAggregateTarget "mogenerator" */ = {
			isa = XCConfigurationList;
			buildConfigurations = (
				D92204211A2F6F4300B3BAAD /* Debug */,
				D92204221A2F6F4300B3BAAD /* Release */,
			);
			defaultConfigurationIsVisible = 0;
			defaultConfigurationName = Release;
		};
		D9B0CC5C1A03B17500544323 /* Build configuration list for PBXProject "ExpertHelper" */ = {
			isa = XCConfigurationList;
			buildConfigurations = (
				D9B0CC941A03B17500544323 /* Debug */,
				D9B0CC951A03B17500544323 /* Release */,
			);
			defaultConfigurationIsVisible = 0;
			defaultConfigurationName = Release;
		};
		D9B0CC961A03B17500544323 /* Build configuration list for PBXNativeTarget "ExpertHelper" */ = {
			isa = XCConfigurationList;
			buildConfigurations = (
				D9B0CC971A03B17500544323 /* Debug */,
				D9B0CC981A03B17500544323 /* Release */,
			);
			defaultConfigurationIsVisible = 0;
			defaultConfigurationName = Release;
		};
		D9B0CC991A03B17500544323 /* Build configuration list for PBXNativeTarget "ExpertHelperTests" */ = {
			isa = XCConfigurationList;
			buildConfigurations = (
				D9B0CC9A1A03B17500544323 /* Debug */,
				D9B0CC9B1A03B17500544323 /* Release */,
			);
			defaultConfigurationIsVisible = 0;
			defaultConfigurationName = Release;
		};
/* End XCConfigurationList section */

/* Begin XCVersionGroup section */
		D922044B1A2FAA4300B3BAAD /* Model.xcdatamodeld */ = {
			isa = XCVersionGroup;
			children = (
				D922044C1A2FAA4300B3BAAD /* Model.xcdatamodel */,
			);
			currentVersion = D922044C1A2FAA4300B3BAAD /* Model.xcdatamodel */;
			path = Model.xcdatamodeld;
			sourceTree = "<group>";
			versionGroupType = wrapper.xcdatamodel;
		};
/* End XCVersionGroup section */
	};
	rootObject = D9B0CC591A03B17500544323 /* Project object */;
}
